
Microsoft Visual Studio Solution File, Format Version 12.00
# Visual Studio Version 17
VisualStudioVersion = 17.3.32901.215
MinimumVisualStudioVersion = 10.0.40219.1
Project("{FAE04EC0-301F-11D3-BF4B-00C04F79EFBC}") = "CategoryListWeb", "CategoryListWeb\CategoryListWeb.csproj", "{2F4B639C-4EA2-45AC-B4F9-6AC6514EBCB9}"
EndProject
Global
	GlobalSection(SolutionConfigurationPlatforms) = preSolution
		Debug|Any CPU = Debug|Any CPU
		Release|Any CPU = Release|Any CPU
	EndGlobalSection
	GlobalSection(ProjectConfigurationPlatforms) = postSolution
		{2F4B639C-4EA2-45AC-B4F9-6AC6514EBCB9}.Debug|Any CPU.ActiveCfg = Debug|Any CPU
		{2F4B639C-4EA2-45AC-B4F9-6AC6514EBCB9}.Debug|Any CPU.Build.0 = Debug|Any CPU
		{2F4B639C-4EA2-45AC-B4F9-6AC6514EBCB9}.Release|Any CPU.ActiveCfg = Release|Any CPU
		{2F4B639C-4EA2-45AC-B4F9-6AC6514EBCB9}.Release|Any CPU.Build.0 = Release|Any CPU
	EndGlobalSection
	GlobalSection(SolutionProperties) = preSolution
		HideSolutionNode = FALSE
	EndGlobalSection
	GlobalSection(ExtensibilityGlobals) = postSolution
		SolutionGuid = {B4A83B53-0CC9-4D3E-BA7D-808DC7A136B7}
	EndGlobalSection
EndGlobal
